
Microsoft Visual Studio Solution File, Format Version 12.00
# Visual Studio Version 16
VisualStudioVersion = 16.0.31129.286
MinimumVisualStudioVersion = 10.0.40219.1
Project("{FAE04EC0-301F-11D3-BF4B-00C04F79EFBC}") = "MvcProjeKampi", "MvcProjeKampi\MvcProjeKampi.csproj", "{BE824EFB-9AAA-45BA-9D40-A0BA3F48906D}"
EndProject
Project("{FAE04EC0-301F-11D3-BF4B-00C04F79EFBC}") = "EntitiyLayer", "EntitiyLayer\EntitiyLayer.csproj", "{05EBB73C-A145-43C1-B5F7-D47E02EC7DFD}"
EndProject
Project("{FAE04EC0-301F-11D3-BF4B-00C04F79EFBC}") = "DataAccessLayer", "DataAccessLayer\DataAccessLayer.csproj", "{67C5E60C-9A10-48B7-B107-DF18A5434535}"
EndProject
Project("{FAE04EC0-301F-11D3-BF4B-00C04F79EFBC}") = "BusinessLayer", "BusinessLayer\BusinessLayer.csproj", "{2DB1FD57-2118-4CA6-876C-A4140B8DE75F}"
EndProject
Global
	GlobalSection(SolutionConfigurationPlatforms) = preSolution
		Debug|Any CPU = Debug|Any CPU
		Release|Any CPU = Release|Any CPU
	EndGlobalSection
	GlobalSection(ProjectConfigurationPlatforms) = postSolution
		{BE824EFB-9AAA-45BA-9D40-A0BA3F48906D}.Debug|Any CPU.ActiveCfg = Debug|Any CPU
		{BE824EFB-9AAA-45BA-9D40-A0BA3F48906D}.Debug|Any CPU.Build.0 = Debug|Any CPU
		{BE824EFB-9AAA-45BA-9D40-A0BA3F48906D}.Release|Any CPU.ActiveCfg = Release|Any CPU
		{BE824EFB-9AAA-45BA-9D40-A0BA3F48906D}.Release|Any CPU.Build.0 = Release|Any CPU
		{05EBB73C-A145-43C1-B5F7-D47E02EC7DFD}.Debug|Any CPU.ActiveCfg = Debug|Any CPU
		{05EBB73C-A145-43C1-B5F7-D47E02EC7DFD}.Debug|Any CPU.Build.0 = Debug|Any CPU
		{05EBB73C-A145-43C1-B5F7-D47E02EC7DFD}.Release|Any CPU.ActiveCfg = Release|Any CPU
		{05EBB73C-A145-43C1-B5F7-D47E02EC7DFD}.Release|Any CPU.Build.0 = Release|Any CPU
		{67C5E60C-9A10-48B7-B107-DF18A5434535}.Debug|Any CPU.ActiveCfg = Debug|Any CPU
		{67C5E60C-9A10-48B7-B107-DF18A5434535}.Debug|Any CPU.Build.0 = Debug|Any CPU
		{67C5E60C-9A10-48B7-B107-DF18A5434535}.Release|Any CPU.ActiveCfg = Release|Any CPU
		{67C5E60C-9A10-48B7-B107-DF18A5434535}.Release|Any CPU.Build.0 = Release|Any CPU
		{2DB1FD57-2118-4CA6-876C-A4140B8DE75F}.Debug|Any CPU.ActiveCfg = Debug|Any CPU
		{2DB1FD57-2118-4CA6-876C-A4140B8DE75F}.Debug|Any CPU.Build.0 = Debug|Any CPU
		{2DB1FD57-2118-4CA6-876C-A4140B8DE75F}.Release|Any CPU.ActiveCfg = Release|Any CPU
		{2DB1FD57-2118-4CA6-876C-A4140B8DE75F}.Release|Any CPU.Build.0 = Release|Any CPU
	EndGlobalSection
	GlobalSection(SolutionProperties) = preSolution
		HideSolutionNode = FALSE
	EndGlobalSection
	GlobalSection(ExtensibilityGlobals) = postSolution
		SolutionGuid = {EF6B4F74-8E48-4FB3-BC81-C48955F59EFC}
	EndGlobalSection
EndGlobal
